
Microsoft Visual Studio Solution File, Format Version 11.00
# Visual Studio 2010
Project("{FAE04EC0-301F-11D3-BF4B-00C04F79EFBC}") = "Per-Frame Animation", "Per-Frame Animation.csproj", "{20EFC3DB-5C69-4278-98E9-6A7AB24616D9}"
EndProject
Global
	GlobalSection(SolutionConfigurationPlatforms) = preSolution
		Debug|x86 = Debug|x86
		Release|x86 = Release|x86
	EndGlobalSection
	GlobalSection(ProjectConfigurationPlatforms) = postSolution
		{20EFC3DB-5C69-4278-98E9-6A7AB24616D9}.Debug|x86.ActiveCfg = Debug|x86
		{20EFC3DB-5C69-4278-98E9-6A7AB24616D9}.Debug|x86.Build.0 = Debug|x86
		{20EFC3DB-5C69-4278-98E9-6A7AB24616D9}.Release|x86.ActiveCfg = Release|x86
		{20EFC3DB-5C69-4278-98E9-6A7AB24616D9}.Release|x86.Build.0 = Release|x86
	EndGlobalSection
	GlobalSection(SolutionProperties) = preSolution
		HideSolutionNode = FALSE
	EndGlobalSection
EndGlobal
